// !$*UTF8*$!
{
	archiveVersion = 1;
	classes = {
	};
	objectVersion = 56;
	objects = {

/* Begin PBXBuildFile section */
		7A2E20CE2A8C68A4000AA770 /* AppDelegate.swift in Sources */ = {isa = PBXBuildFile; fileRef = 7A2E20CD2A8C68A4000AA770 /* AppDelegate.swift */; };
		7A2E20D02A8C68A4000AA770 /* SceneDelegate.swift in Sources */ = {isa = PBXBuildFile; fileRef = 7A2E20CF2A8C68A4000AA770 /* SceneDelegate.swift */; };
		7A2E20D22A8C68A4000AA770 /* ViewController.swift in Sources */ = {isa = PBXBuildFile; fileRef = 7A2E20D12A8C68A4000AA770 /* ViewController.swift */; };
		7A2E20D72A8C68A5000AA770 /* Assets.xcassets in Resources */ = {isa = PBXBuildFile; fileRef = 7A2E20D62A8C68A5000AA770 /* Assets.xcassets */; };
		7A2E20DA2A8C68A5000AA770 /* LaunchScreen.storyboard in Resources */ = {isa = PBXBuildFile; fileRef = 7A2E20D82A8C68A5000AA770 /* LaunchScreen.storyboard */; };
		7A84B4AE2AB9CA0700845EF4 /* Sample1.swift in Sources */ = {isa = PBXBuildFile; fileRef = 7A84B4AD2AB9CA0700845EF4 /* Sample1.swift */; };
		7A84B4B12AB9CD5600845EF4 /* UIColor+Extension.swift in Sources */ = {isa = PBXBuildFile; fileRef = 7A84B4B02AB9CD5600845EF4 /* UIColor+Extension.swift */; };
		7A84B4B32AB9CD6E00845EF4 /* UITextField+Extenstion.swift in Sources */ = {isa = PBXBuildFile; fileRef = 7A84B4B22AB9CD6E00845EF4 /* UITextField+Extenstion.swift */; };
		7A84B4B52AB9CD8A00845EF4 /* InsetTextField.swift in Sources */ = {isa = PBXBuildFile; fileRef = 7A84B4B42AB9CD8A00845EF4 /* InsetTextField.swift */; };
		7A84B4B72AB9D01F00845EF4 /* Sample.swift in Sources */ = {isa = PBXBuildFile; fileRef = 7A84B4B62AB9D01F00845EF4 /* Sample.swift */; };
		C22C4D0EC45188665C1CAAA6 /* Pods_YOZO_iOS.framework in Frameworks */ = {isa = PBXBuildFile; fileRef = F3C18DFC89DF20EBD120223E /* Pods_YOZO_iOS.framework */; };
/* End PBXBuildFile section */

/* Begin PBXFileReference section */
		2A57A1923D223198E15FB614 /* Pods-YOZO_iOS.release.xcconfig */ = {isa = PBXFileReference; includeInIndex = 1; lastKnownFileType = text.xcconfig; name = "Pods-YOZO_iOS.release.xcconfig"; path = "Target Support Files/Pods-YOZO_iOS/Pods-YOZO_iOS.release.xcconfig"; sourceTree = "<group>"; };
		7A2E20CA2A8C68A4000AA770 /* YOZO_iOS.app */ = {isa = PBXFileReference; explicitFileType = wrapper.application; includeInIndex = 0; path = YOZO_iOS.app; sourceTree = BUILT_PRODUCTS_DIR; };
		7A2E20CD2A8C68A4000AA770 /* AppDelegate.swift */ = {isa = PBXFileReference; lastKnownFileType = sourcecode.swift; path = AppDelegate.swift; sourceTree = "<group>"; };
		7A2E20CF2A8C68A4000AA770 /* SceneDelegate.swift */ = {isa = PBXFileReference; lastKnownFileType = sourcecode.swift; path = SceneDelegate.swift; sourceTree = "<group>"; };
		7A2E20D12A8C68A4000AA770 /* ViewController.swift */ = {isa = PBXFileReference; lastKnownFileType = sourcecode.swift; path = ViewController.swift; sourceTree = "<group>"; };
		7A2E20D62A8C68A5000AA770 /* Assets.xcassets */ = {isa = PBXFileReference; lastKnownFileType = folder.assetcatalog; path = Assets.xcassets; sourceTree = "<group>"; };
		7A2E20D92A8C68A5000AA770 /* Base */ = {isa = PBXFileReference; lastKnownFileType = file.storyboard; name = Base; path = Base.lproj/LaunchScreen.storyboard; sourceTree = "<group>"; };
		7A2E20DB2A8C68A5000AA770 /* Info.plist */ = {isa = PBXFileReference; lastKnownFileType = text.plist.xml; path = Info.plist; sourceTree = "<group>"; };
		7A84B4AD2AB9CA0700845EF4 /* Sample1.swift */ = {isa = PBXFileReference; lastKnownFileType = sourcecode.swift; path = Sample1.swift; sourceTree = "<group>"; };
		7A84B4B02AB9CD5600845EF4 /* UIColor+Extension.swift */ = {isa = PBXFileReference; lastKnownFileType = sourcecode.swift; path = "UIColor+Extension.swift"; sourceTree = "<group>"; };
		7A84B4B22AB9CD6E00845EF4 /* UITextField+Extenstion.swift */ = {isa = PBXFileReference; lastKnownFileType = sourcecode.swift; path = "UITextField+Extenstion.swift"; sourceTree = "<group>"; };
		7A84B4B42AB9CD8A00845EF4 /* InsetTextField.swift */ = {isa = PBXFileReference; lastKnownFileType = sourcecode.swift; path = InsetTextField.swift; sourceTree = "<group>"; };
		7A84B4B62AB9D01F00845EF4 /* Sample.swift */ = {isa = PBXFileReference; lastKnownFileType = sourcecode.swift; path = Sample.swift; sourceTree = "<group>"; };
		F3C18DFC89DF20EBD120223E /* Pods_YOZO_iOS.framework */ = {isa = PBXFileReference; explicitFileType = wrapper.framework; includeInIndex = 0; path = Pods_YOZO_iOS.framework; sourceTree = BUILT_PRODUCTS_DIR; };
		F76102E8277379C3C1F45F40 /* Pods-YOZO_iOS.debug.xcconfig */ = {isa = PBXFileReference; includeInIndex = 1; lastKnownFileType = text.xcconfig; name = "Pods-YOZO_iOS.debug.xcconfig"; path = "Target Support Files/Pods-YOZO_iOS/Pods-YOZO_iOS.debug.xcconfig"; sourceTree = "<group>"; };
/* End PBXFileReference section */

/* Begin PBXFrameworksBuildPhase section */
		7A2E20C72A8C68A4000AA770 /* Frameworks */ = {
			isa = PBXFrameworksBuildPhase;
			buildActionMask = 2147483647;
			files = (
				C22C4D0EC45188665C1CAAA6 /* Pods_YOZO_iOS.framework in Frameworks */,
			);
			runOnlyForDeploymentPostprocessing = 0;
		};
/* End PBXFrameworksBuildPhase section */

/* Begin PBXGroup section */
		78C2EE59FCE3776413B7AC10 /* Pods */ = {
			isa = PBXGroup;
			children = (
				F76102E8277379C3C1F45F40 /* Pods-YOZO_iOS.debug.xcconfig */,
				2A57A1923D223198E15FB614 /* Pods-YOZO_iOS.release.xcconfig */,
			);
			path = Pods;
			sourceTree = "<group>";
		};
		7A2E20C12A8C68A4000AA770 = {
			isa = PBXGroup;
			children = (
				7A2E20CC2A8C68A4000AA770 /* YOZO_iOS */,
				7A2E20CB2A8C68A4000AA770 /* Products */,
				78C2EE59FCE3776413B7AC10 /* Pods */,
				9BE65E01FDDC470D2A31BAEF /* Frameworks */,
			);
			sourceTree = "<group>";
		};
		7A2E20CB2A8C68A4000AA770 /* Products */ = {
			isa = PBXGroup;
			children = (
				7A2E20CA2A8C68A4000AA770 /* YOZO_iOS.app */,
			);
			name = Products;
			sourceTree = "<group>";
		};
		7A2E20CC2A8C68A4000AA770 /* YOZO_iOS */ = {
			isa = PBXGroup;
			children = (
				7A2E20DB2A8C68A5000AA770 /* Info.plist */,
				7A84B4A92AB9C9E100845EF4 /* Models */,
				7A84B4AA2AB9C9F000845EF4 /* ViewModels */,
				7A84B4A52AB9C98800845EF4 /* Controllers */,
				7A84B4A62AB9C99F00845EF4 /* Views */,
				7A84B4A32AB9C93700845EF4 /* Resources */,
				7A84B4AF2AB9CD0300845EF4 /* Extensions */,
				7A84B4A42AB9C96500845EF4 /* AppDelegate */,
			);
			path = YOZO_iOS;
			sourceTree = "<group>";
		};
		7A84B4A32AB9C93700845EF4 /* Resources */ = {
			isa = PBXGroup;
			children = (
				7A2E20D62A8C68A5000AA770 /* Assets.xcassets */,
			);
			path = Resources;
			sourceTree = "<group>";
		};
		7A84B4A42AB9C96500845EF4 /* AppDelegate */ = {
			isa = PBXGroup;
			children = (
				7A2E20CF2A8C68A4000AA770 /* SceneDelegate.swift */,
				7A2E20CD2A8C68A4000AA770 /* AppDelegate.swift */,
			);
			path = AppDelegate;
			sourceTree = "<group>";
		};
		7A84B4A52AB9C98800845EF4 /* Controllers */ = {
			isa = PBXGroup;
			children = (
				7A2E20D12A8C68A4000AA770 /* ViewController.swift */,
			);
			path = Controllers;
			sourceTree = "<group>";
		};
		7A84B4A62AB9C99F00845EF4 /* Views */ = {
			isa = PBXGroup;
			children = (
				7A2E20D82A8C68A5000AA770 /* LaunchScreen.storyboard */,
			);
			path = Views;
			sourceTree = "<group>";
		};
		7A84B4A92AB9C9E100845EF4 /* Models */ = {
			isa = PBXGroup;
			children = (
				7A84B4B62AB9D01F00845EF4 /* Sample.swift */,
			);
			path = Models;
			sourceTree = "<group>";
		};
		7A84B4AA2AB9C9F000845EF4 /* ViewModels */ = {
			isa = PBXGroup;
			children = (
				7A84B4AD2AB9CA0700845EF4 /* Sample1.swift */,
			);
			path = ViewModels;
			sourceTree = "<group>";
		};
		7A84B4AF2AB9CD0300845EF4 /* Extensions */ = {
			isa = PBXGroup;
			children = (
				7A84B4B02AB9CD5600845EF4 /* UIColor+Extension.swift */,
				7A84B4B22AB9CD6E00845EF4 /* UITextField+Extenstion.swift */,
				7A84B4B42AB9CD8A00845EF4 /* InsetTextField.swift */,
			);
			path = Extensions;
			sourceTree = "<group>";
		};
		9BE65E01FDDC470D2A31BAEF /* Frameworks */ = {
			isa = PBXGroup;
			children = (
				F3C18DFC89DF20EBD120223E /* Pods_YOZO_iOS.framework */,
			);
			name = Frameworks;
			sourceTree = "<group>";
		};
/* End PBXGroup section */

/* Begin PBXNativeTarget section */
		7A2E20C92A8C68A4000AA770 /* YOZO_iOS */ = {
			isa = PBXNativeTarget;
			buildConfigurationList = 7A2E20DE2A8C68A5000AA770 /* Build configuration list for PBXNativeTarget "YOZO_iOS" */;
			buildPhases = (
				8A3B3903164F6D844AA96CF3 /* [CP] Check Pods Manifest.lock */,
				7A2E20C62A8C68A4000AA770 /* Sources */,
				7A2E20C72A8C68A4000AA770 /* Frameworks */,
				7A2E20C82A8C68A4000AA770 /* Resources */,
				9787CAB7AE41348EAB07B764 /* [CP] Embed Pods Frameworks */,
			);
			buildRules = (
			);
			dependencies = (
			);
			name = YOZO_iOS;
			productName = YOZO_iOS;
			productReference = 7A2E20CA2A8C68A4000AA770 /* YOZO_iOS.app */;
			productType = "com.apple.product-type.application";
		};
/* End PBXNativeTarget section */

/* Begin PBXProject section */
		7A2E20C22A8C68A4000AA770 /* Project object */ = {
			isa = PBXProject;
			attributes = {
				BuildIndependentTargetsInParallel = 1;
				LastSwiftUpdateCheck = 1430;
				LastUpgradeCheck = 1430;
				TargetAttributes = {
					7A2E20C92A8C68A4000AA770 = {
						CreatedOnToolsVersion = 14.3.1;
					};
				};
			};
			buildConfigurationList = 7A2E20C52A8C68A4000AA770 /* Build configuration list for PBXProject "YOZO_iOS" */;
			compatibilityVersion = "Xcode 14.0";
			developmentRegion = en;
			hasScannedForEncodings = 0;
			knownRegions = (
				en,
				Base,
			);
			mainGroup = 7A2E20C12A8C68A4000AA770;
			productRefGroup = 7A2E20CB2A8C68A4000AA770 /* Products */;
			projectDirPath = "";
			projectRoot = "";
			targets = (
				7A2E20C92A8C68A4000AA770 /* YOZO_iOS */,
			);
		};
/* End PBXProject section */

/* Begin PBXResourcesBuildPhase section */
		7A2E20C82A8C68A4000AA770 /* Resources */ = {
			isa = PBXResourcesBuildPhase;
			buildActionMask = 2147483647;
			files = (
				7A2E20DA2A8C68A5000AA770 /* LaunchScreen.storyboard in Resources */,
				7A2E20D72A8C68A5000AA770 /* Assets.xcassets in Resources */,
			);
			runOnlyForDeploymentPostprocessing = 0;
		};
/* End PBXResourcesBuildPhase section */

/* Begin PBXShellScriptBuildPhase section */
		8A3B3903164F6D844AA96CF3 /* [CP] Check Pods Manifest.lock */ = {
			isa = PBXShellScriptBuildPhase;
			buildActionMask = 2147483647;
			files = (
			);
			inputFileListPaths = (
			);
			inputPaths = (
				"${PODS_PODFILE_DIR_PATH}/Podfile.lock",
				"${PODS_ROOT}/Manifest.lock",
			);
			name = "[CP] Check Pods Manifest.lock";
			outputFileListPaths = (
			);
			outputPaths = (
				"$(DERIVED_FILE_DIR)/Pods-YOZO_iOS-checkManifestLockResult.txt",
			);
			runOnlyForDeploymentPostprocessing = 0;
			shellPath = /bin/sh;
			shellScript = "diff \"${PODS_PODFILE_DIR_PATH}/Podfile.lock\" \"${PODS_ROOT}/Manifest.lock\" > /dev/null\nif [ $? != 0 ] ; then\n    # print error to STDERR\n    echo \"error: The sandbox is not in sync with the Podfile.lock. Run 'pod install' or update your CocoaPods installation.\" >&2\n    exit 1\nfi\n# This output is used by Xcode 'outputs' to avoid re-running this script phase.\necho \"SUCCESS\" > \"${SCRIPT_OUTPUT_FILE_0}\"\n";
			showEnvVarsInLog = 0;
		};
		9787CAB7AE41348EAB07B764 /* [CP] Embed Pods Frameworks */ = {
			isa = PBXShellScriptBuildPhase;
			buildActionMask = 2147483647;
			files = (
			);
			inputFileListPaths = (
				"${PODS_ROOT}/Target Support Files/Pods-YOZO_iOS/Pods-YOZO_iOS-frameworks-${CONFIGURATION}-input-files.xcfilelist",
			);
			name = "[CP] Embed Pods Frameworks";
			outputFileListPaths = (
				"${PODS_ROOT}/Target Support Files/Pods-YOZO_iOS/Pods-YOZO_iOS-frameworks-${CONFIGURATION}-output-files.xcfilelist",
			);
			runOnlyForDeploymentPostprocessing = 0;
			shellPath = /bin/sh;
			shellScript = "\"${PODS_ROOT}/Target Support Files/Pods-YOZO_iOS/Pods-YOZO_iOS-frameworks.sh\"\n";
			showEnvVarsInLog = 0;
		};
/* End PBXShellScriptBuildPhase section */

/* Begin PBXSourcesBuildPhase section */
		7A2E20C62A8C68A4000AA770 /* Sources */ = {
			isa = PBXSourcesBuildPhase;
			buildActionMask = 2147483647;
			files = (
				7A84B4AE2AB9CA0700845EF4 /* Sample1.swift in Sources */,
				7A84B4B72AB9D01F00845EF4 /* Sample.swift in Sources */,
				7A2E20D22A8C68A4000AA770 /* ViewController.swift in Sources */,
				7A2E20CE2A8C68A4000AA770 /* AppDelegate.swift in Sources */,
				7A2E20D02A8C68A4000AA770 /* SceneDelegate.swift in Sources */,
				7A84B4B32AB9CD6E00845EF4 /* UITextField+Extenstion.swift in Sources */,
				7A84B4B52AB9CD8A00845EF4 /* InsetTextField.swift in Sources */,
				7A84B4B12AB9CD5600845EF4 /* UIColor+Extension.swift in Sources */,
			);
			runOnlyForDeploymentPostprocessing = 0;
		};
/* End PBXSourcesBuildPhase section */

/* Begin PBXVariantGroup section */
		7A2E20D82A8C68A5000AA770 /* LaunchScreen.storyboard */ = {
			isa = PBXVariantGroup;
			children = (
				7A2E20D92A8C68A5000AA770 /* Base */,
			);
			name = LaunchScreen.storyboard;
			sourceTree = "<group>";
		};
/* End PBXVariantGroup section */

/* Begin XCBuildConfiguration section */
		7A2E20DC2A8C68A5000AA770 /* Debug */ = {
			isa = XCBuildConfiguration;
			buildSettings = {
				ALWAYS_SEARCH_USER_PATHS = NO;
				CLANG_ANALYZER_NONNULL = YES;
				CLANG_ANALYZER_NUMBER_OBJECT_CONVERSION = YES_AGGRESSIVE;
				CLANG_CXX_LANGUAGE_STANDARD = "gnu++20";
				CLANG_ENABLE_MODULES = YES;
				CLANG_ENABLE_OBJC_ARC = YES;
				CLANG_ENABLE_OBJC_WEAK = YES;
				CLANG_WARN_BLOCK_CAPTURE_AUTORELEASING = YES;
				CLANG_WARN_BOOL_CONVERSION = YES;
				CLANG_WARN_COMMA = YES;
				CLANG_WARN_CONSTANT_CONVERSION = YES;
				CLANG_WARN_DEPRECATED_OBJC_IMPLEMENTATIONS = YES;
				CLANG_WARN_DIRECT_OBJC_ISA_USAGE = YES_ERROR;
				CLANG_WARN_DOCUMENTATION_COMMENTS = YES;
				CLANG_WARN_EMPTY_BODY = YES;
				CLANG_WARN_ENUM_CONVERSION = YES;
				CLANG_WARN_INFINITE_RECURSION = YES;
				CLANG_WARN_INT_CONVERSION = YES;
				CLANG_WARN_NON_LITERAL_NULL_CONVERSION = YES;
				CLANG_WARN_OBJC_IMPLICIT_RETAIN_SELF = YES;
				CLANG_WARN_OBJC_LITERAL_CONVERSION = YES;
				CLANG_WARN_OBJC_ROOT_CLASS = YES_ERROR;
				CLANG_WARN_QUOTED_INCLUDE_IN_FRAMEWORK_HEADER = YES;
				CLANG_WARN_RANGE_LOOP_ANALYSIS = YES;
				CLANG_WARN_STRICT_PROTOTYPES = YES;
				CLANG_WARN_SUSPICIOUS_MOVE = YES;
				CLANG_WARN_UNGUARDED_AVAILABILITY = YES_AGGRESSIVE;
				CLANG_WARN_UNREACHABLE_CODE = YES;
				CLANG_WARN__DUPLICATE_METHOD_MATCH = YES;
				COPY_PHASE_STRIP = NO;
				DEBUG_INFORMATION_FORMAT = dwarf;
				ENABLE_STRICT_OBJC_MSGSEND = YES;
				ENABLE_TESTABILITY = YES;
				GCC_C_LANGUAGE_STANDARD = gnu11;
				GCC_DYNAMIC_NO_PIC = NO;
				GCC_NO_COMMON_BLOCKS = YES;
				GCC_OPTIMIZATION_LEVEL = 0;
				GCC_PREPROCESSOR_DEFINITIONS = (
					"DEBUG=1",
					"$(inherited)",
				);
				GCC_WARN_64_TO_32_BIT_CONVERSION = YES;
				GCC_WARN_ABOUT_RETURN_TYPE = YES_ERROR;
				GCC_WARN_UNDECLARED_SELECTOR = YES;
				GCC_WARN_UNINITIALIZED_AUTOS = YES_AGGRESSIVE;
				GCC_WARN_UNUSED_FUNCTION = YES;
				GCC_WARN_UNUSED_VARIABLE = YES;
				IPHONEOS_DEPLOYMENT_TARGET = 16.4;
				MTL_ENABLE_DEBUG_INFO = INCLUDE_SOURCE;
				MTL_FAST_MATH = YES;
				ONLY_ACTIVE_ARCH = YES;
				SDKROOT = iphoneos;
				SWIFT_ACTIVE_COMPILATION_CONDITIONS = DEBUG;
				SWIFT_OPTIMIZATION_LEVEL = "-Onone";
			};
			name = Debug;
		};
		7A2E20DD2A8C68A5000AA770 /* Release */ = {
			isa = XCBuildConfiguration;
			buildSettings = {
				ALWAYS_SEARCH_USER_PATHS = NO;
				CLANG_ANALYZER_NONNULL = YES;
				CLANG_ANALYZER_NUMBER_OBJECT_CONVERSION = YES_AGGRESSIVE;
				CLANG_CXX_LANGUAGE_STANDARD = "gnu++20";
				CLANG_ENABLE_MODULES = YES;
				CLANG_ENABLE_OBJC_ARC = YES;
				CLANG_ENABLE_OBJC_WEAK = YES;
				CLANG_WARN_BLOCK_CAPTURE_AUTORELEASING = YES;
				CLANG_WARN_BOOL_CONVERSION = YES;
				CLANG_WARN_COMMA = YES;
				CLANG_WARN_CONSTANT_CONVERSION = YES;
				CLANG_WARN_DEPRECATED_OBJC_IMPLEMENTATIONS = YES;
				CLANG_WARN_DIRECT_OBJC_ISA_USAGE = YES_ERROR;
				CLANG_WARN_DOCUMENTATION_COMMENTS = YES;
				CLANG_WARN_EMPTY_BODY = YES;
				CLANG_WARN_ENUM_CONVERSION = YES;
				CLANG_WARN_INFINITE_RECURSION = YES;
				CLANG_WARN_INT_CONVERSION = YES;
				CLANG_WARN_NON_LITERAL_NULL_CONVERSION = YES;
				CLANG_WARN_OBJC_IMPLICIT_RETAIN_SELF = YES;
				CLANG_WARN_OBJC_LITERAL_CONVERSION = YES;
				CLANG_WARN_OBJC_ROOT_CLASS = YES_ERROR;
				CLANG_WARN_QUOTED_INCLUDE_IN_FRAMEWORK_HEADER = YES;
				CLANG_WARN_RANGE_LOOP_ANALYSIS = YES;
				CLANG_WARN_STRICT_PROTOTYPES = YES;
				CLANG_WARN_SUSPICIOUS_MOVE = YES;
				CLANG_WARN_UNGUARDED_AVAILABILITY = YES_AGGRESSIVE;
				CLANG_WARN_UNREACHABLE_CODE = YES;
				CLANG_WARN__DUPLICATE_METHOD_MATCH = YES;
				COPY_PHASE_STRIP = NO;
				DEBUG_INFORMATION_FORMAT = "dwarf-with-dsym";
				ENABLE_NS_ASSERTIONS = NO;
				ENABLE_STRICT_OBJC_MSGSEND = YES;
				GCC_C_LANGUAGE_STANDARD = gnu11;
				GCC_NO_COMMON_BLOCKS = YES;
				GCC_WARN_64_TO_32_BIT_CONVERSION = YES;
				GCC_WARN_ABOUT_RETURN_TYPE = YES_ERROR;
				GCC_WARN_UNDECLARED_SELECTOR = YES;
				GCC_WARN_UNINITIALIZED_AUTOS = YES_AGGRESSIVE;
				GCC_WARN_UNUSED_FUNCTION = YES;
				GCC_WARN_UNUSED_VARIABLE = YES;
				IPHONEOS_DEPLOYMENT_TARGET = 16.4;
				MTL_ENABLE_DEBUG_INFO = NO;
				MTL_FAST_MATH = YES;
				SDKROOT = iphoneos;
				SWIFT_COMPILATION_MODE = wholemodule;
				SWIFT_OPTIMIZATION_LEVEL = "-O";
				VALIDATE_PRODUCT = YES;
			};
			name = Release;
		};
		7A2E20DF2A8C68A5000AA770 /* Debug */ = {
			isa = XCBuildConfiguration;
			baseConfigurationReference = F76102E8277379C3C1F45F40 /* Pods-YOZO_iOS.debug.xcconfig */;
			buildSettings = {
				ASSETCATALOG_COMPILER_APPICON_NAME = AppIcon;
				ASSETCATALOG_COMPILER_GLOBAL_ACCENT_COLOR_NAME = AccentColor;
				CODE_SIGN_STYLE = Automatic;
				CURRENT_PROJECT_VERSION = 1;
				DEVELOPMENT_TEAM = Y7V766KDKR;
				GENERATE_INFOPLIST_FILE = YES;
				INFOPLIST_FILE = YOZO_iOS/Info.plist;
				INFOPLIST_KEY_UIApplicationSupportsIndirectInputEvents = YES;
				INFOPLIST_KEY_UILaunchStoryboardName = LaunchScreen;
				INFOPLIST_KEY_UIMainStoryboardFile = "";
				INFOPLIST_KEY_UISupportedInterfaceOrientations_iPad = "UIInterfaceOrientationPortrait UIInterfaceOrientationPortraitUpsideDown UIInterfaceOrientationLandscapeLeft UIInterfaceOrientationLandscapeRight";
				INFOPLIST_KEY_UISupportedInterfaceOrientations_iPhone = "UIInterfaceOrientationPortrait UIInterfaceOrientationLandscapeLeft UIInterfaceOrientationLandscapeRight";
				LD_RUNPATH_SEARCH_PATHS = (
					"$(inherited)",
					"@executable_path/Frameworks",
				);
				MARKETING_VERSION = 1.0;
				PRODUCT_BUNDLE_IDENTIFIER = "com.Heize.YOZO-iOS";
				PRODUCT_NAME = "$(TARGET_NAME)";
				SWIFT_EMIT_LOC_STRINGS = YES;
				SWIFT_VERSION = 5.0;
				TARGETED_DEVICE_FAMILY = "1,2";
			};
			name = Debug;
		};
		7A2E20E02A8C68A5000AA770 /* Release */ = {
			isa = XCBuildConfiguration;
			baseConfigurationReference = 2A57A1923D223198E15FB614 /* Pods-YOZO_iOS.release.xcconfig */;
			buildSettings = {
				ASSETCATALOG_COMPILER_APPICON_NAME = AppIcon;
				ASSETCATALOG_COMPILER_GLOBAL_ACCENT_COLOR_NAME = AccentColor;
				CODE_SIGN_STYLE = Automatic;
				CURRENT_PROJECT_VERSION = 1;
				DEVELOPMENT_TEAM = Y7V766KDKR;
				GENERATE_INFOPLIST_FILE = YES;
				INFOPLIST_FILE = YOZO_iOS/Info.plist;
				INFOPLIST_KEY_UIApplicationSupportsIndirectInputEvents = YES;
				INFOPLIST_KEY_UILaunchStoryboardName = LaunchScreen;
				INFOPLIST_KEY_UIMainStoryboardFile = "";
				INFOPLIST_KEY_UISupportedInterfaceOrientations_iPad = "UIInterfaceOrientationPortrait UIInterfaceOrientationPortraitUpsideDown UIInterfaceOrientationLandscapeLeft UIInterfaceOrientationLandscapeRight";
				INFOPLIST_KEY_UISupportedInterfaceOrientations_iPhone = "UIInterfaceOrientationPortrait UIInterfaceOrientationLandscapeLeft UIInterfaceOrientationLandscapeRight";
				LD_RUNPATH_SEARCH_PATHS = (
					"$(inherited)",
					"@executable_path/Frameworks",
				);
				MARKETING_VERSION = 1.0;
				PRODUCT_BUNDLE_IDENTIFIER = "com.Heize.YOZO-iOS";
				PRODUCT_NAME = "$(TARGET_NAME)";
				SWIFT_EMIT_LOC_STRINGS = YES;
				SWIFT_VERSION = 5.0;
				TARGETED_DEVICE_FAMILY = "1,2";
			};
			name = Release;
		};
/* End XCBuildConfiguration section */

/* Begin XCConfigurationList section */
		7A2E20C52A8C68A4000AA770 /* Build configuration list for PBXProject "YOZO_iOS" */ = {
			isa = XCConfigurationList;
			buildConfigurations = (
				7A2E20DC2A8C68A5000AA770 /* Debug */,
				7A2E20DD2A8C68A5000AA770 /* Release */,
			);
			defaultConfigurationIsVisible = 0;
			defaultConfigurationName = Release;
		};
		7A2E20DE2A8C68A5000AA770 /* Build configuration list for PBXNativeTarget "YOZO_iOS" */ = {
			isa = XCConfigurationList;
			buildConfigurations = (
				7A2E20DF2A8C68A5000AA770 /* Debug */,
				7A2E20E02A8C68A5000AA770 /* Release */,
			);
			defaultConfigurationIsVisible = 0;
			defaultConfigurationName = Release;
		};
/* End XCConfigurationList section */
	};
	rootObject = 7A2E20C22A8C68A4000AA770 /* Project object */;
}
